{
  "name": "ngx-easy-table",
  "version": "10.1.0",
  "lockfileVersion": 1,
  "requires": true,
  "dependencies": {
    "ngx-pagination": {
      "version": "4.0.0",
      "resolved": "https://registry.npmjs.org/ngx-pagination/-/ngx-pagination-4.0.0.tgz",
      "integrity": "sha512-+JKUykZicQ2ZEyWZ0Y1d2ffocUWZqooeWrSbZ4IGlPreAazlmhG4Ms6FY0KjcnslpvbQuA/9ARY5sF14q04/AA=="
    }
  }
}
