{
  "name": "ngx-easy-table",
  "version": "11.0.0",
  "lockfileVersion": 1,
  "requires": true,
  "dependencies": {
    "material-design-lite": {
      "version": "1.3.0",
      "resolved": "https://registry.npmjs.org/material-design-lite/-/material-design-lite-1.3.0.tgz",
      "integrity": "sha1-0ATOP+6Zoe63Sni4oyUTSl8RcdM="
    },
    "ngx-pagination": {
      "version": "3.2.1",
      "resolved": "https://registry.npmjs.org/ngx-pagination/-/ngx-pagination-3.2.1.tgz",
      "integrity": "sha512-+dprQkYoiNYDZkNAe/1HX0wDFbwCTE31mC2bEQVdI7ZbjEIvGB7R3zp5QoCKgz6cPFatUj4Iw6Ukqp5zx0oT/Q=="
    }
  }
}
